{
  "pins" : [
    {
      "identity" : "abseil-cpp-binary",
      "kind" : "remoteSourceControl",
      "location" : "https://github.com/google/abseil-cpp-binary.git",
      "state" : {
        "revision" : "a5f16ba68913840ee5df91b8dc06f5cc063579de",
        "version" : "1.2021110200.0"
      }
    },
    {
      "identity" : "algoliasearch-client-swift",
      "kind" : "remoteSourceControl",
      "location" : "https://github.com/algolia/algoliasearch-client-swift.git",
      "state" : {
        "revision" : "4322ab2dc8cdb7acb6d06a019fd56f84dc998f25",
        "version" : "8.21.0"
      }
    },
    {
      "identity" : "appauth-ios",
      "kind" : "remoteSourceControl",
      "location" : "https://github.com/openid/AppAuth-iOS.git",
      "state" : {
        "revision" : "2781038865a80e2c425a1da12cc1327bcd56501f",
        "version" : "1.7.6"
      }
    },
    {
      "identity" : "audiokit",
      "kind" : "remoteSourceControl",
      "location" : "https://github.com/AudioKit/AudioKit.git",
      "state" : {
        "revision" : "82cab9d4c168b5b03b67e2ff099819f589b530f7",
        "version" : "5.6.2"
      }
    },
    {
      "identity" : "audiokitui",
      "kind" : "remoteSourceControl",
      "location" : "https://github.com/AudioKit/AudioKitUI.git",
      "state" : {
        "revision" : "1a61e8a96c7ee24c3e5abe06dc3334a31fd7571d",
        "version" : "0.3.7"
      }
    },
    {
      "identity" : "controls",
      "kind" : "remoteSourceControl",
      "location" : "https://github.com/AudioKit/Controls.git",
      "state" : {
        "revision" : "6861a9380963378115856f0b9b54414a9ec5f1ad",
        "version" : "1.1.2"
      }
    },
    {
      "identity" : "firebase-ios-sdk",
      "kind" : "remoteSourceControl",
      "location" : "https://github.com/firebase/firebase-ios-sdk",
      "state" : {
        "revision" : "05d494c85e5635b6462151dd9ebbfda48c9f4266",
        "version" : "10.8.0"
      }
    },
    {
      "identity" : "googleappmeasurement",
      "kind" : "remoteSourceControl",
      "location" : "https://github.com/google/GoogleAppMeasurement.git",
      "state" : {
        "revision" : "274428b83e063cd518b998555be0ec18abcbe9de",
        "version" : "10.8.0"
      }
    },
    {
      "identity" : "googledatatransport",
      "kind" : "remoteSourceControl",
      "location" : "https://github.com/google/GoogleDataTransport.git",
      "state" : {
        "revision" : "a637d318ae7ae246b02d7305121275bc75ed5565",
        "version" : "9.4.0"
      }
    },
    {
      "identity" : "googlesignin-ios",
      "kind" : "remoteSourceControl",
      "location" : "https://github.com/google/GoogleSignIn-iOS",
      "state" : {
        "revision" : "7932d33686c1dc4d7df7a919aae47361d1cdfda4",
        "version" : "7.0.0"
      }
    },
    {
      "identity" : "googleutilities",
      "kind" : "remoteSourceControl",
      "location" : "https://github.com/google/GoogleUtilities.git",
      "state" : {
        "revision" : "57a1d307f42df690fdef2637f3e5b776da02aad6",
        "version" : "7.13.3"
      }
    },
    {
      "identity" : "grpc-binary",
      "kind" : "remoteSourceControl",
      "location" : "https://github.com/google/grpc-binary.git",
      "state" : {
        "revision" : "df37f6af8a273bc687e3166843ed86007de57d78",
        "version" : "1.44.0"
      }
    },
    {
      "identity" : "gtm-session-fetcher",
      "kind" : "remoteSourceControl",
      "location" : "https://github.com/google/gtm-session-fetcher.git",
      "state" : {
        "revision" : "a2ab612cb980066ee56d90d60d8462992c07f24b",
        "version" : "3.5.0"
      }
    },
    {
      "identity" : "gtmappauth",
      "kind" : "remoteSourceControl",
      "location" : "https://github.com/google/GTMAppAuth.git",
      "state" : {
        "revision" : "cee3c709307912d040bd1e06ca919875a92339c6",
        "version" : "2.0.0"
      }
    },
    {
      "identity" : "leveldb",
      "kind" : "remoteSourceControl",
      "location" : "https://github.com/firebase/leveldb.git",
      "state" : {
        "revision" : "a0bc79961d7be727d258d33d5a6b2f1023270ba1",
        "version" : "1.22.5"
      }
    },
    {
      "identity" : "nanopb",
      "kind" : "remoteSourceControl",
      "location" : "https://github.com/firebase/nanopb.git",
      "state" : {
        "revision" : "819d0a2173aff699fb8c364b6fb906f7cdb1a692",
        "version" : "2.30909.0"
      }
    },
    {
      "identity" : "openai",
      "kind" : "remoteSourceControl",
      "location" : "https://github.com/MacPaw/OpenAI",
      "state" : {
        "revision" : "e59e4923acc924db51d415e99d0a76c7d54037e0",
        "version" : "0.3.6"
      }
    },
    {
      "identity" : "promises",
      "kind" : "remoteSourceControl",
      "location" : "https://github.com/google/promises.git",
      "state" : {
        "revision" : "540318ecedd63d883069ae7f1ed811a2df00b6ac",
        "version" : "2.4.0"
      }
    },
    {
      "identity" : "swift-protobuf",
      "kind" : "remoteSourceControl",
      "location" : "https://github.com/apple/swift-protobuf.git",
      "state" : {
        "revision" : "ebc7251dd5b37f627c93698e4374084d98409633",
        "version" : "1.28.2"
      }
    }
  ],
  "version" : 2
}
